
Microsoft Visual Studio Solution File, Format Version 12.00
# Visual Studio Version 16
VisualStudioVersion = 25.0.1706.0
MinimumVisualStudioVersion = 10.0.40219.1
Project("{FAE04EC0-301F-11D3-BF4B-00C04F79EFBC}") = "LibMs.Data", "LibMs.Data\LibMs.Data.csproj", "{90983342-1941-4E7A-9526-5B7D064167A3}"
EndProject
Project("{FAE04EC0-301F-11D3-BF4B-00C04F79EFBC}") = "LibMs.Persistance", "LibMs.Persistance\LibMs.Persistance.csproj", "{297D31C0-0A1E-4A4D-932F-169B50D15C45}"
EndProject
Project("{FAE04EC0-301F-11D3-BF4B-00C04F79EFBC}") = "LibMs.API", "LibMs.API\LibMs.API.csproj", "{C7010EF4-C827-4491-9551-458E88CDE4F8}"
EndProject
Project("{FAE04EC0-301F-11D3-BF4B-00C04F79EFBC}") = "LibMS.Business", "LibMS.Business\LibMS.Business.csproj", "{6A9A29B5-9639-4862-B846-7B2897477070}"
EndProject
Project("{FAE04EC0-301F-11D3-BF4B-00C04F79EFBC}") = "LibMS.Test", "LibMS.Test\LibMS.Test.csproj", "{A1FB5C48-E4C6-4BDD-A68B-1FDCD35EF762}"
EndProject
Global
	GlobalSection(SolutionConfigurationPlatforms) = preSolution
		Debug|Any CPU = Debug|Any CPU
		Release|Any CPU = Release|Any CPU
	EndGlobalSection
	GlobalSection(ProjectConfigurationPlatforms) = postSolution
		{90983342-1941-4E7A-9526-5B7D064167A3}.Debug|Any CPU.ActiveCfg = Debug|Any CPU
		{90983342-1941-4E7A-9526-5B7D064167A3}.Debug|Any CPU.Build.0 = Debug|Any CPU
		{90983342-1941-4E7A-9526-5B7D064167A3}.Release|Any CPU.ActiveCfg = Release|Any CPU
		{90983342-1941-4E7A-9526-5B7D064167A3}.Release|Any CPU.Build.0 = Release|Any CPU
		{297D31C0-0A1E-4A4D-932F-169B50D15C45}.Debug|Any CPU.ActiveCfg = Debug|Any CPU
		{297D31C0-0A1E-4A4D-932F-169B50D15C45}.Debug|Any CPU.Build.0 = Debug|Any CPU
		{297D31C0-0A1E-4A4D-932F-169B50D15C45}.Release|Any CPU.ActiveCfg = Release|Any CPU
		{297D31C0-0A1E-4A4D-932F-169B50D15C45}.Release|Any CPU.Build.0 = Release|Any CPU
		{C7010EF4-C827-4491-9551-458E88CDE4F8}.Debug|Any CPU.ActiveCfg = Debug|Any CPU
		{C7010EF4-C827-4491-9551-458E88CDE4F8}.Debug|Any CPU.Build.0 = Debug|Any CPU
		{C7010EF4-C827-4491-9551-458E88CDE4F8}.Release|Any CPU.ActiveCfg = Release|Any CPU
		{C7010EF4-C827-4491-9551-458E88CDE4F8}.Release|Any CPU.Build.0 = Release|Any CPU
		{6A9A29B5-9639-4862-B846-7B2897477070}.Debug|Any CPU.ActiveCfg = Debug|Any CPU
		{6A9A29B5-9639-4862-B846-7B2897477070}.Debug|Any CPU.Build.0 = Debug|Any CPU
		{6A9A29B5-9639-4862-B846-7B2897477070}.Release|Any CPU.ActiveCfg = Release|Any CPU
		{6A9A29B5-9639-4862-B846-7B2897477070}.Release|Any CPU.Build.0 = Release|Any CPU
		{A1FB5C48-E4C6-4BDD-A68B-1FDCD35EF762}.Debug|Any CPU.ActiveCfg = Debug|Any CPU
		{A1FB5C48-E4C6-4BDD-A68B-1FDCD35EF762}.Debug|Any CPU.Build.0 = Debug|Any CPU
		{A1FB5C48-E4C6-4BDD-A68B-1FDCD35EF762}.Release|Any CPU.ActiveCfg = Release|Any CPU
		{A1FB5C48-E4C6-4BDD-A68B-1FDCD35EF762}.Release|Any CPU.Build.0 = Release|Any CPU
	EndGlobalSection
	GlobalSection(SolutionProperties) = preSolution
		HideSolutionNode = FALSE
	EndGlobalSection
	GlobalSection(ExtensibilityGlobals) = postSolution
		SolutionGuid = {59375DF1-B8A2-46AA-920B-6D7E09771542}
	EndGlobalSection
EndGlobal
